// !$*UTF8*$!
{
	archiveVersion = 1;
	classes = {
	};
	objectVersion = 46;
	objects = {

/* Begin PBXBuildFile section */
		3AC13CBE19FC24CC0016C0EF /* main.m in Sources */ = {isa = PBXBuildFile; fileRef = 3AC13CBD19FC24CC0016C0EF /* main.m */; };
		3AC13CC119FC24CC0016C0EF /* AppDelegate.m in Sources */ = {isa = PBXBuildFile; fileRef = 3AC13CC019FC24CC0016C0EF /* AppDelegate.m */; };
		3AC13CC419FC24CC0016C0EF /* AnimationPrac.xcdatamodeld in Sources */ = {isa = PBXBuildFile; fileRef = 3AC13CC219FC24CC0016C0EF /* AnimationPrac.xcdatamodeld */; };
		3AC13CC719FC24CC0016C0EF /* ViewController.m in Sources */ = {isa = PBXBuildFile; fileRef = 3AC13CC619FC24CC0016C0EF /* ViewController.m */; };
		3AC13CCA19FC24CC0016C0EF /* Main.storyboard in Resources */ = {isa = PBXBuildFile; fileRef = 3AC13CC819FC24CC0016C0EF /* Main.storyboard */; };
		3AC13CCC19FC24CC0016C0EF /* Images.xcassets in Resources */ = {isa = PBXBuildFile; fileRef = 3AC13CCB19FC24CC0016C0EF /* Images.xcassets */; };
		3AC13CCF19FC24CC0016C0EF /* LaunchScreen.xib in Resources */ = {isa = PBXBuildFile; fileRef = 3AC13CCD19FC24CC0016C0EF /* LaunchScreen.xib */; };
		3AC13CDB19FC24CC0016C0EF /* AnimationPracTests.m in Sources */ = {isa = PBXBuildFile; fileRef = 3AC13CDA19FC24CC0016C0EF /* AnimationPracTests.m */; };
		3AF781871A0B02AC0083667D /* constrains.m in Sources */ = {isa = PBXBuildFile; fileRef = 3AF781861A0B02AC0083667D /* constrains.m */; };
		3AF7818A1A0B04870083667D /* cookies.m in Sources */ = {isa = PBXBuildFile; fileRef = 3AF781891A0B04870083667D /* cookies.m */; };
/* End PBXBuildFile section */

/* Begin PBXContainerItemProxy section */
		3AC13CD519FC24CC0016C0EF /* PBXContainerItemProxy */ = {
			isa = PBXContainerItemProxy;
			containerPortal = 3AC13CB019FC24CC0016C0EF /* Project object */;
			proxyType = 1;
			remoteGlobalIDString = 3AC13CB719FC24CC0016C0EF;
			remoteInfo = AnimationPrac;
		};
/* End PBXContainerItemProxy section */

/* Begin PBXFileReference section */
		3AC13CB819FC24CC0016C0EF /* AnimationPrac.app */ = {isa = PBXFileReference; explicitFileType = wrapper.application; includeInIndex = 0; path = AnimationPrac.app; sourceTree = BUILT_PRODUCTS_DIR; };
		3AC13CBC19FC24CC0016C0EF /* Info.plist */ = {isa = PBXFileReference; lastKnownFileType = text.plist.xml; path = Info.plist; sourceTree = "<group>"; };
		3AC13CBD19FC24CC0016C0EF /* main.m */ = {isa = PBXFileReference; lastKnownFileType = sourcecode.c.objc; path = main.m; sourceTree = "<group>"; };
		3AC13CBF19FC24CC0016C0EF /* AppDelegate.h */ = {isa = PBXFileReference; lastKnownFileType = sourcecode.c.h; path = AppDelegate.h; sourceTree = "<group>"; };
		3AC13CC019FC24CC0016C0EF /* AppDelegate.m */ = {isa = PBXFileReference; lastKnownFileType = sourcecode.c.objc; path = AppDelegate.m; sourceTree = "<group>"; };
		3AC13CC319FC24CC0016C0EF /* AnimationPrac.xcdatamodel */ = {isa = PBXFileReference; lastKnownFileType = wrapper.xcdatamodel; path = AnimationPrac.xcdatamodel; sourceTree = "<group>"; };
		3AC13CC519FC24CC0016C0EF /* ViewController.h */ = {isa = PBXFileReference; lastKnownFileType = sourcecode.c.h; path = ViewController.h; sourceTree = "<group>"; };
		3AC13CC619FC24CC0016C0EF /* ViewController.m */ = {isa = PBXFileReference; lastKnownFileType = sourcecode.c.objc; path = ViewController.m; sourceTree = "<group>"; };
		3AC13CC919FC24CC0016C0EF /* Base */ = {isa = PBXFileReference; lastKnownFileType = file.storyboard; name = Base; path = Base.lproj/Main.storyboard; sourceTree = "<group>"; };
		3AC13CCB19FC24CC0016C0EF /* Images.xcassets */ = {isa = PBXFileReference; lastKnownFileType = folder.assetcatalog; path = Images.xcassets; sourceTree = "<group>"; };
		3AC13CCE19FC24CC0016C0EF /* Base */ = {isa = PBXFileReference; lastKnownFileType = file.xib; name = Base; path = Base.lproj/LaunchScreen.xib; sourceTree = "<group>"; };
		3AC13CD419FC24CC0016C0EF /* AnimationPracTests.xctest */ = {isa = PBXFileReference; explicitFileType = wrapper.cfbundle; includeInIndex = 0; path = AnimationPracTests.xctest; sourceTree = BUILT_PRODUCTS_DIR; };
		3AC13CD919FC24CC0016C0EF /* Info.plist */ = {isa = PBXFileReference; lastKnownFileType = text.plist.xml; path = Info.plist; sourceTree = "<group>"; };
		3AC13CDA19FC24CC0016C0EF /* AnimationPracTests.m */ = {isa = PBXFileReference; lastKnownFileType = sourcecode.c.objc; path = AnimationPracTests.m; sourceTree = "<group>"; };
		3AF781851A0B02AC0083667D /* constrains.h */ = {isa = PBXFileReference; fileEncoding = 4; lastKnownFileType = sourcecode.c.h; path = constrains.h; sourceTree = "<group>"; };
		3AF781861A0B02AC0083667D /* constrains.m */ = {isa = PBXFileReference; fileEncoding = 4; lastKnownFileType = sourcecode.c.objc; path = constrains.m; sourceTree = "<group>"; };
		3AF781881A0B04870083667D /* cookies.h */ = {isa = PBXFileReference; fileEncoding = 4; lastKnownFileType = sourcecode.c.h; path = cookies.h; sourceTree = "<group>"; };
		3AF781891A0B04870083667D /* cookies.m */ = {isa = PBXFileReference; fileEncoding = 4; lastKnownFileType = sourcecode.c.objc; path = cookies.m; sourceTree = "<group>"; };
/* End PBXFileReference section */

/* Begin PBXFrameworksBuildPhase section */
		3AC13CB519FC24CC0016C0EF /* Frameworks */ = {
			isa = PBXFrameworksBuildPhase;
			buildActionMask = 2147483647;
			files = (
			);
			runOnlyForDeploymentPostprocessing = 0;
		};
		3AC13CD119FC24CC0016C0EF /* Frameworks */ = {
			isa = PBXFrameworksBuildPhase;
			buildActionMask = 2147483647;
			files = (
			);
			runOnlyForDeploymentPostprocessing = 0;
		};
/* End PBXFrameworksBuildPhase section */

/* Begin PBXGroup section */
		3AC13CAF19FC24CC0016C0EF = {
			isa = PBXGroup;
			children = (
				3AC13CBA19FC24CC0016C0EF /* AnimationPrac */,
				3AC13CD719FC24CC0016C0EF /* AnimationPracTests */,
				3AC13CB919FC24CC0016C0EF /* Products */,
			);
			sourceTree = "<group>";
		};
		3AC13CB919FC24CC0016C0EF /* Products */ = {
			isa = PBXGroup;
			children = (
				3AC13CB819FC24CC0016C0EF /* AnimationPrac.app */,
				3AC13CD419FC24CC0016C0EF /* AnimationPracTests.xctest */,
			);
			name = Products;
			sourceTree = "<group>";
		};
		3AC13CBA19FC24CC0016C0EF /* AnimationPrac */ = {
			isa = PBXGroup;
			children = (
				3AC13CBF19FC24CC0016C0EF /* AppDelegate.h */,
				3AC13CC019FC24CC0016C0EF /* AppDelegate.m */,
				3AC13CC519FC24CC0016C0EF /* ViewController.h */,
				3AC13CC619FC24CC0016C0EF /* ViewController.m */,
				3AF781851A0B02AC0083667D /* constrains.h */,
				3AF781861A0B02AC0083667D /* constrains.m */,
				3AF781881A0B04870083667D /* cookies.h */,
				3AF781891A0B04870083667D /* cookies.m */,
				3AC13CC819FC24CC0016C0EF /* Main.storyboard */,
				3AC13CCB19FC24CC0016C0EF /* Images.xcassets */,
				3AC13CCD19FC24CC0016C0EF /* LaunchScreen.xib */,
				3AC13CC219FC24CC0016C0EF /* AnimationPrac.xcdatamodeld */,
				3AC13CBB19FC24CC0016C0EF /* Supporting Files */,
			);
			path = AnimationPrac;
			sourceTree = "<group>";
		};
		3AC13CBB19FC24CC0016C0EF /* Supporting Files */ = {
			isa = PBXGroup;
			children = (
				3AC13CBC19FC24CC0016C0EF /* Info.plist */,
				3AC13CBD19FC24CC0016C0EF /* main.m */,
			);
			name = "Supporting Files";
			sourceTree = "<group>";
		};
		3AC13CD719FC24CC0016C0EF /* AnimationPracTests */ = {
			isa = PBXGroup;
			children = (
				3AC13CDA19FC24CC0016C0EF /* AnimationPracTests.m */,
				3AC13CD819FC24CC0016C0EF /* Supporting Files */,
			);
			path = AnimationPracTests;
			sourceTree = "<group>";
		};
		3AC13CD819FC24CC0016C0EF /* Supporting Files */ = {
			isa = PBXGroup;
			children = (
				3AC13CD919FC24CC0016C0EF /* Info.plist */,
			);
			name = "Supporting Files";
			sourceTree = "<group>";
		};
/* End PBXGroup section */

/* Begin PBXNativeTarget section */
		3AC13CB719FC24CC0016C0EF /* AnimationPrac */ = {
			isa = PBXNativeTarget;
			buildConfigurationList = 3AC13CDE19FC24CC0016C0EF /* Build configuration list for PBXNativeTarget "AnimationPrac" */;
			buildPhases = (
				3AC13CB419FC24CC0016C0EF /* Sources */,
				3AC13CB519FC24CC0016C0EF /* Frameworks */,
				3AC13CB619FC24CC0016C0EF /* Resources */,
			);
			buildRules = (
			);
			dependencies = (
			);
			name = AnimationPrac;
			productName = AnimationPrac;
			productReference = 3AC13CB819FC24CC0016C0EF /* AnimationPrac.app */;
			productType = "com.apple.product-type.application";
		};
		3AC13CD319FC24CC0016C0EF /* AnimationPracTests */ = {
			isa = PBXNativeTarget;
			buildConfigurationList = 3AC13CE119FC24CC0016C0EF /* Build configuration list for PBXNativeTarget "AnimationPracTests" */;
			buildPhases = (
				3AC13CD019FC24CC0016C0EF /* Sources */,
				3AC13CD119FC24CC0016C0EF /* Frameworks */,
				3AC13CD219FC24CC0016C0EF /* Resources */,
			);
			buildRules = (
			);
			dependencies = (
				3AC13CD619FC24CC0016C0EF /* PBXTargetDependency */,
			);
			name = AnimationPracTests;
			productName = AnimationPracTests;
			productReference = 3AC13CD419FC24CC0016C0EF /* AnimationPracTests.xctest */;
			productType = "com.apple.product-type.bundle.unit-test";
		};
/* End PBXNativeTarget section */

/* Begin PBXProject section */
		3AC13CB019FC24CC0016C0EF /* Project object */ = {
			isa = PBXProject;
			attributes = {
				LastUpgradeCheck = 0610;
				ORGANIZATIONNAME = Inspired;
				TargetAttributes = {
					3AC13CB719FC24CC0016C0EF = {
						CreatedOnToolsVersion = 6.1;
					};
					3AC13CD319FC24CC0016C0EF = {
						CreatedOnToolsVersion = 6.1;
						TestTargetID = 3AC13CB719FC24CC0016C0EF;
					};
				};
			};
			buildConfigurationList = 3AC13CB319FC24CC0016C0EF /* Build configuration list for PBXProject "AnimationPrac" */;
			compatibilityVersion = "Xcode 3.2";
			developmentRegion = English;
			hasScannedForEncodings = 0;
			knownRegions = (
				en,
				Base,
			);
			mainGroup = 3AC13CAF19FC24CC0016C0EF;
			productRefGroup = 3AC13CB919FC24CC0016C0EF /* Products */;
			projectDirPath = "";
			projectRoot = "";
			targets = (
				3AC13CB719FC24CC0016C0EF /* AnimationPrac */,
				3AC13CD319FC24CC0016C0EF /* AnimationPracTests */,
			);
		};
/* End PBXProject section */

/* Begin PBXResourcesBuildPhase section */
		3AC13CB619FC24CC0016C0EF /* Resources */ = {
			isa = PBXResourcesBuildPhase;
			buildActionMask = 2147483647;
			files = (
				3AC13CCA19FC24CC0016C0EF /* Main.storyboard in Resources */,
				3AC13CCF19FC24CC0016C0EF /* LaunchScreen.xib in Resources */,
				3AC13CCC19FC24CC0016C0EF /* Images.xcassets in Resources */,
			);
			runOnlyForDeploymentPostprocessing = 0;
		};
		3AC13CD219FC24CC0016C0EF /* Resources */ = {
			isa = PBXResourcesBuildPhase;
			buildActionMask = 2147483647;
			files = (
			);
			runOnlyForDeploymentPostprocessing = 0;
		};
/* End PBXResourcesBuildPhase section */

/* Begin PBXSourcesBuildPhase section */
		3AC13CB419FC24CC0016C0EF /* Sources */ = {
			isa = PBXSourcesBuildPhase;
			buildActionMask = 2147483647;
			files = (
				3AF781871A0B02AC0083667D /* constrains.m in Sources */,
				3AC13CC419FC24CC0016C0EF /* AnimationPrac.xcdatamodeld in Sources */,
				3AC13CC119FC24CC0016C0EF /* AppDelegate.m in Sources */,
				3AF7818A1A0B04870083667D /* cookies.m in Sources */,
				3AC13CC719FC24CC0016C0EF /* ViewController.m in Sources */,
				3AC13CBE19FC24CC0016C0EF /* main.m in Sources */,
			);
			runOnlyForDeploymentPostprocessing = 0;
		};
		3AC13CD019FC24CC0016C0EF /* Sources */ = {
			isa = PBXSourcesBuildPhase;
			buildActionMask = 2147483647;
			files = (
				3AC13CDB19FC24CC0016C0EF /* AnimationPracTests.m in Sources */,
			);
			runOnlyForDeploymentPostprocessing = 0;
		};
/* End PBXSourcesBuildPhase section */

/* Begin PBXTargetDependency section */
		3AC13CD619FC24CC0016C0EF /* PBXTargetDependency */ = {
			isa = PBXTargetDependency;
			target = 3AC13CB719FC24CC0016C0EF /* AnimationPrac */;
			targetProxy = 3AC13CD519FC24CC0016C0EF /* PBXContainerItemProxy */;
		};
/* End PBXTargetDependency section */

/* Begin PBXVariantGroup section */
		3AC13CC819FC24CC0016C0EF /* Main.storyboard */ = {
			isa = PBXVariantGroup;
			children = (
				3AC13CC919FC24CC0016C0EF /* Base */,
			);
			name = Main.storyboard;
			sourceTree = "<group>";
		};
		3AC13CCD19FC24CC0016C0EF /* LaunchScreen.xib */ = {
			isa = PBXVariantGroup;
			children = (
				3AC13CCE19FC24CC0016C0EF /* Base */,
			);
			name = LaunchScreen.xib;
			sourceTree = "<group>";
		};
/* End PBXVariantGroup section */

/* Begin XCBuildConfiguration section */
		3AC13CDC19FC24CC0016C0EF /* Debug */ = {
			isa = XCBuildConfiguration;
			buildSettings = {
				ALWAYS_SEARCH_USER_PATHS = NO;
				CLANG_CXX_LANGUAGE_STANDARD = "gnu++0x";
				CLANG_CXX_LIBRARY = "libc++";
				CLANG_ENABLE_MODULES = YES;
				CLANG_ENABLE_OBJC_ARC = YES;
				CLANG_WARN_BOOL_CONVERSION = YES;
				CLANG_WARN_CONSTANT_CONVERSION = YES;
				CLANG_WARN_DIRECT_OBJC_ISA_USAGE = YES_ERROR;
				CLANG_WARN_EMPTY_BODY = YES;
				CLANG_WARN_ENUM_CONVERSION = YES;
				CLANG_WARN_INT_CONVERSION = YES;
				CLANG_WARN_OBJC_ROOT_CLASS = YES_ERROR;
				CLANG_WARN_UNREACHABLE_CODE = YES;
				CLANG_WARN__DUPLICATE_METHOD_MATCH = YES;
				"CODE_SIGN_IDENTITY[sdk=iphoneos*]" = "iPhone Developer";
				COPY_PHASE_STRIP = NO;
				ENABLE_STRICT_OBJC_MSGSEND = YES;
				GCC_C_LANGUAGE_STANDARD = gnu99;
				GCC_DYNAMIC_NO_PIC = NO;
				GCC_OPTIMIZATION_LEVEL = 0;
				GCC_PREPROCESSOR_DEFINITIONS = (
					"DEBUG=1",
					"$(inherited)",
				);
				GCC_SYMBOLS_PRIVATE_EXTERN = NO;
				GCC_WARN_64_TO_32_BIT_CONVERSION = YES;
				GCC_WARN_ABOUT_RETURN_TYPE = YES_ERROR;
				GCC_WARN_UNDECLARED_SELECTOR = YES;
				GCC_WARN_UNINITIALIZED_AUTOS = YES_AGGRESSIVE;
				GCC_WARN_UNUSED_FUNCTION = YES;
				GCC_WARN_UNUSED_VARIABLE = YES;
				IPHONEOS_DEPLOYMENT_TARGET = 8.1;
				MTL_ENABLE_DEBUG_INFO = YES;
				ONLY_ACTIVE_ARCH = YES;
				SDKROOT = iphoneos;
			};
			name = Debug;
		};
		3AC13CDD19FC24CC0016C0EF /* Release */ = {
			isa = XCBuildConfiguration;
			buildSettings = {
				ALWAYS_SEARCH_USER_PATHS = NO;
				CLANG_CXX_LANGUAGE_STANDARD = "gnu++0x";
				CLANG_CXX_LIBRARY = "libc++";
				CLANG_ENABLE_MODULES = YES;
				CLANG_ENABLE_OBJC_ARC = YES;
				CLANG_WARN_BOOL_CONVERSION = YES;
				CLANG_WARN_CONSTANT_CONVERSION = YES;
				CLANG_WARN_DIRECT_OBJC_ISA_USAGE = YES_ERROR;
				CLANG_WARN_EMPTY_BODY = YES;
				CLANG_WARN_ENUM_CONVERSION = YES;
				CLANG_WARN_INT_CONVERSION = YES;
				CLANG_WARN_OBJC_ROOT_CLASS = YES_ERROR;
				CLANG_WARN_UNREACHABLE_CODE = YES;
				CLANG_WARN__DUPLICATE_METHOD_MATCH = YES;
				"CODE_SIGN_IDENTITY[sdk=iphoneos*]" = "iPhone Developer";
				COPY_PHASE_STRIP = YES;
				ENABLE_NS_ASSERTIONS = NO;
				ENABLE_STRICT_OBJC_MSGSEND = YES;
				GCC_C_LANGUAGE_STANDARD = gnu99;
				GCC_WARN_64_TO_32_BIT_CONVERSION = YES;
				GCC_WARN_ABOUT_RETURN_TYPE = YES_ERROR;
				GCC_WARN_UNDECLARED_SELECTOR = YES;
				GCC_WARN_UNINITIALIZED_AUTOS = YES_AGGRESSIVE;
				GCC_WARN_UNUSED_FUNCTION = YES;
				GCC_WARN_UNUSED_VARIABLE = YES;
				IPHONEOS_DEPLOYMENT_TARGET = 8.1;
				MTL_ENABLE_DEBUG_INFO = NO;
				SDKROOT = iphoneos;
				VALIDATE_PRODUCT = YES;
			};
			name = Release;
		};
		3AC13CDF19FC24CC0016C0EF /* Debug */ = {
			isa = XCBuildConfiguration;
			buildSettings = {
				ASSETCATALOG_COMPILER_APPICON_NAME = AppIcon;
				INFOPLIST_FILE = AnimationPrac/Info.plist;
				LD_RUNPATH_SEARCH_PATHS = "$(inherited) @executable_path/Frameworks";
				PRODUCT_NAME = "$(TARGET_NAME)";
			};
			name = Debug;
		};
		3AC13CE019FC24CC0016C0EF /* Release */ = {
			isa = XCBuildConfiguration;
			buildSettings = {
				ASSETCATALOG_COMPILER_APPICON_NAME = AppIcon;
				INFOPLIST_FILE = AnimationPrac/Info.plist;
				LD_RUNPATH_SEARCH_PATHS = "$(inherited) @executable_path/Frameworks";
				PRODUCT_NAME = "$(TARGET_NAME)";
			};
			name = Release;
		};
		3AC13CE219FC24CC0016C0EF /* Debug */ = {
			isa = XCBuildConfiguration;
			buildSettings = {
				BUNDLE_LOADER = "$(TEST_HOST)";
				FRAMEWORK_SEARCH_PATHS = (
					"$(SDKROOT)/Developer/Library/Frameworks",
					"$(inherited)",
				);
				GCC_PREPROCESSOR_DEFINITIONS = (
					"DEBUG=1",
					"$(inherited)",
				);
				INFOPLIST_FILE = AnimationPracTests/Info.plist;
				LD_RUNPATH_SEARCH_PATHS = "$(inherited) @executable_path/Frameworks @loader_path/Frameworks";
				PRODUCT_NAME = "$(TARGET_NAME)";
				TEST_HOST = "$(BUILT_PRODUCTS_DIR)/AnimationPrac.app/AnimationPrac";
			};
			name = Debug;
		};
		3AC13CE319FC24CC0016C0EF /* Release */ = {
			isa = XCBuildConfiguration;
			buildSettings = {
				BUNDLE_LOADER = "$(TEST_HOST)";
				FRAMEWORK_SEARCH_PATHS = (
					"$(SDKROOT)/Developer/Library/Frameworks",
					"$(inherited)",
				);
				INFOPLIST_FILE = AnimationPracTests/Info.plist;
				LD_RUNPATH_SEARCH_PATHS = "$(inherited) @executable_path/Frameworks @loader_path/Frameworks";
				PRODUCT_NAME = "$(TARGET_NAME)";
				TEST_HOST = "$(BUILT_PRODUCTS_DIR)/AnimationPrac.app/AnimationPrac";
			};
			name = Release;
		};
/* End XCBuildConfiguration section */

/* Begin XCConfigurationList section */
		3AC13CB319FC24CC0016C0EF /* Build configuration list for PBXProject "AnimationPrac" */ = {
			isa = XCConfigurationList;
			buildConfigurations = (
				3AC13CDC19FC24CC0016C0EF /* Debug */,
				3AC13CDD19FC24CC0016C0EF /* Release */,
			);
			defaultConfigurationIsVisible = 0;
			defaultConfigurationName = Release;
		};
		3AC13CDE19FC24CC0016C0EF /* Build configuration list for PBXNativeTarget "AnimationPrac" */ = {
			isa = XCConfigurationList;
			buildConfigurations = (
				3AC13CDF19FC24CC0016C0EF /* Debug */,
				3AC13CE019FC24CC0016C0EF /* Release */,
			);
			defaultConfigurationIsVisible = 0;
			defaultConfigurationName = Release;
		};
		3AC13CE119FC24CC0016C0EF /* Build configuration list for PBXNativeTarget "AnimationPracTests" */ = {
			isa = XCConfigurationList;
			buildConfigurations = (
				3AC13CE219FC24CC0016C0EF /* Debug */,
				3AC13CE319FC24CC0016C0EF /* Release */,
			);
			defaultConfigurationIsVisible = 0;
			defaultConfigurationName = Release;
		};
/* End XCConfigurationList section */

/* Begin XCVersionGroup section */
		3AC13CC219FC24CC0016C0EF /* AnimationPrac.xcdatamodeld */ = {
			isa = XCVersionGroup;
			children = (
				3AC13CC319FC24CC0016C0EF /* AnimationPrac.xcdatamodel */,
			);
			currentVersion = 3AC13CC319FC24CC0016C0EF /* AnimationPrac.xcdatamodel */;
			path = AnimationPrac.xcdatamodeld;
			sourceTree = "<group>";
			versionGroupType = wrapper.xcdatamodel;
		};
/* End XCVersionGroup section */
	};
	rootObject = 3AC13CB019FC24CC0016C0EF /* Project object */;
}
